
Microsoft Visual Studio Solution File, Format Version 12.00
# Visual Studio 15
VisualStudioVersion = 15.0.27130.2036
MinimumVisualStudioVersion = 10.0.40219.1
Project("{9A19103F-16F7-4668-BE54-9A1E7A4F7556}") = "AspCore", "AspCore\AspCore\AspCore.csproj", "{4C76FF78-8348-4815-A098-044E8B0DA066}"
EndProject
Project("{FAE04EC0-301F-11D3-BF4B-00C04F79EFBC}") = "AspStandard", "AspStandard\AspStandard.csproj", "{9D148759-88FA-4B8B-8E66-3B8625B34302}"
EndProject
Global
	GlobalSection(SolutionConfigurationPlatforms) = preSolution
		Debug|Any CPU = Debug|Any CPU
		Release|Any CPU = Release|Any CPU
	EndGlobalSection
	GlobalSection(ProjectConfigurationPlatforms) = postSolution
		{4C76FF78-8348-4815-A098-044E8B0DA066}.Debug|Any CPU.ActiveCfg = Debug|Any CPU
		{4C76FF78-8348-4815-A098-044E8B0DA066}.Debug|Any CPU.Build.0 = Debug|Any CPU
		{4C76FF78-8348-4815-A098-044E8B0DA066}.Release|Any CPU.ActiveCfg = Release|Any CPU
		{4C76FF78-8348-4815-A098-044E8B0DA066}.Release|Any CPU.Build.0 = Release|Any CPU
		{9D148759-88FA-4B8B-8E66-3B8625B34302}.Debug|Any CPU.ActiveCfg = Debug|Any CPU
		{9D148759-88FA-4B8B-8E66-3B8625B34302}.Debug|Any CPU.Build.0 = Debug|Any CPU
		{9D148759-88FA-4B8B-8E66-3B8625B34302}.Release|Any CPU.ActiveCfg = Release|Any CPU
		{9D148759-88FA-4B8B-8E66-3B8625B34302}.Release|Any CPU.Build.0 = Release|Any CPU
	EndGlobalSection
	GlobalSection(SolutionProperties) = preSolution
		HideSolutionNode = FALSE
	EndGlobalSection
	GlobalSection(ExtensibilityGlobals) = postSolution
		SolutionGuid = {CA0613B9-90FB-47BA-9531-8AF47BAF9FB3}
	EndGlobalSection
EndGlobal
